{
  "name": "0xtrace",
  "version": "1.1.1",
  "description": "Proxy-based LLM telemetry SDK for 0xtrace",
  "type": "module",
  "main": "./dist/index.cjs",
  "module": "./dist/index.js",
  "exports": {
    ".": {
      "import": "./dist/index.js",
      "require": "./dist/index.cjs"
    }
  },
  "files": [
    "dist"
  ],
  "scripts": {
    "build": "tsup"
  },
  "dependencies": {
    "diff": "^9.0.0",
    "openai": "^6.38.0"
  },
  "devDependencies": {
    "@types/node": "^25.9.0",
    "cac": "^6.7.14",
    "tsup": "^8.5.1",
    "typescript": "^6.0.3"
  }
}
